# THIS IS AN AUTOGENERATED FILE. DO NOT EDIT THIS FILE DIRECTLY.
# yarn lockfile v1


charenc@0.0.2:
  version "0.0.2"
  resolved "https://registry.yarnpkg.com/charenc/-/charenc-0.0.2.tgz#c0a1d2f3a7092e03774bfa83f14c0fc5790a8667"
  integrity sha1-wKHS86cJLgN3S/qD8UwPxXkKhmc=

crypt@0.0.2:
  version "0.0.2"
  resolved "https://registry.yarnpkg.com/crypt/-/crypt-0.0.2.tgz#88d7ff7ec0dfb86f713dc87bbb42d044d3e6c41b"
  integrity sha1-iNf/fsDfuG9xPch7u0LQRNPmxBs=

inspc@^0.0.19:
  version "0.0.19"
  resolved "https://registry.yarnpkg.com/inspc/-/inspc-0.0.19.tgz#ef4ac598e410ca88b4b3beac25b475cfa29493f1"
  integrity sha512-xp20MQkUSFNbGY71rBt6GtxGbcVlcGKpT22Z81jkbtPb5Yf1H6g64Si3+wkdBbI1+C+BuZF/qS2Jj9WtPEhHdQ==

is-buffer@~1.1.6:
  version "1.1.6"
  resolved "https://registry.yarnpkg.com/is-buffer/-/is-buffer-1.1.6.tgz#efaa2ea9daa0d7ab2ea13a97b2b8ad51fefbe8be"
  integrity sha512-NcdALwpXkTm5Zvvbk7owOUSvVvBKDgKP5/ewfXEznmQFfs4ZRmanOeKBTjRVjka3QFoN6XJ+9F3USqfHqTaU5w==

md5@^2.2.1:
  version "2.3.0"
  resolved "https://registry.yarnpkg.com/md5/-/md5-2.3.0.tgz#c3da9a6aae3a30b46b7b0c349b87b110dc3bda4f"
  integrity sha512-T1GITYmFaKuO91vxyoQMFETst+O71VUPEU3ze5GNzDm0OWdP8v1ziTaAEPUr/3kLsY3Sftgz242A1SetQiDL7g==
  dependencies:
    charenc "0.0.2"
    crypt "0.0.2"
    is-buffer "~1.1.6"

nlab@^0.0.108:
  version "0.0.108"
  resolved "https://registry.yarnpkg.com/nlab/-/nlab-0.0.108.tgz#43836de9dc9a77d17baea5a255eef12a1ffc5c5c"
  integrity sha512-OZ8PsBQ0yJ3BdD+9n+Frjr4W9r5o2uAiWsoLkhq6t44m1xHZoYTGqewG2phj20d+QAj/sacrp8BNR1EQCqkCug==
  dependencies:
    inspc "^0.0.19"
    md5 "^2.2.1"
    sjcl "^1.0.8"

sjcl@^1.0.8:
  version "1.0.8"
  resolved "https://registry.yarnpkg.com/sjcl/-/sjcl-1.0.8.tgz#f2ec8d7dc1f0f21b069b8914a41a8f236b0e252a"
  integrity sha512-LzIjEQ0S0DpIgnxMEayM1rq9aGwGRG4OnZhCdjx7glTaJtf4zRfpg87ImfjSJjoW9vKpagd82McDOwbRT5kQKQ==
